{
  "name": "src",
  "lockfileVersion": 2,
  "requires": true,
  "packages": {
    "": {
      "dependencies": {
        "c3": "0.4.11"
      },
      "engines": {
        "node": ">= 6.9.4"
      }
    },
    "node_modules/c3": {
      "version": "0.4.11",
      "integrity": "sha1-Pytse9M1d6NHPdYRdnNVZbTQ884=",
      "dependencies": {
        "d3": "~3.5.0"
      }
    },
    "node_modules/d3": {
      "version": "3.5.17",
      "integrity": "sha1-vEZ0gAQ3iyGjYMn8fPUjF5B2L7g="
    }
  },
  "dependencies": {
    "c3": {
      "version": "0.4.11",
      "requires": {
        "d3": "~3.5.0"
      }
    },
    "d3": {
      "version": "3.5.17"
    }
  }
}
